{
  "version": 4,
  "terraform_version": "1.12.2",
  "serial": 3,
  "lineage": "3883426b-4f9f-1c83-87c8-1f89d9996e91",
  "outputs": {},
  "resources": [
    {
      "mode": "data",
      "type": "aws_ami",
      "name": "amazon_linux2",
      "provider": "provider[\"registry.terraform.io/hashicorp/aws\"]",
      "instances": [
        {
          "schema_version": 0,
          "attributes": {
            "allow_unsafe_filter": null,
            "architecture": "x86_64",
            "arn": "arn:aws:ec2:us-east-1::image/ami-0254b2d5c4c472488",
            "block_device_mappings": [
              {
                "device_name": "/dev/xvda",
                "ebs": {
                  "delete_on_termination": "true",
                  "encrypted": "false",
                  "iops": "0",
                  "snapshot_id": "snap-021c2006747d6b7e6",
                  "throughput": "0",
                  "volume_initialization_rate": "0",
                  "volume_size": "8",
                  "volume_type": "gp2"
                },
                "no_device": "",
                "virtual_name": ""
              }
            ],
            "boot_mode": "",
            "creation_date": "2025-09-10T19:04:06.000Z",
            "deprecation_time": "2025-12-09T19:04:00.000Z",
            "description": "Amazon Linux 2 AMI 2.0.20250915.0 x86_64 HVM gp2",
            "ena_support": true,
            "executable_users": null,
            "filter": [
              {
                "name": "name",
                "values": [
                  "amzn2-ami-hvm-*-x86_64-gp2"
                ]
              }
            ],
            "hypervisor": "xen",
            "id": "ami-0254b2d5c4c472488",
            "image_id": "ami-0254b2d5c4c472488",
            "image_location": "amazon/amzn2-ami-hvm-2.0.20250915.0-x86_64-gp2",
            "image_owner_alias": "amazon",
            "image_type": "machine",
            "imds_support": "",
            "include_deprecated": false,
            "kernel_id": "",
            "last_launched_time": "",
            "most_recent": true,
            "name": "amzn2-ami-hvm-2.0.20250915.0-x86_64-gp2",
            "name_regex": null,
            "owner_id": "137112412989",
            "owners": [
              "amazon"
            ],
            "platform": "",
            "platform_details": "Linux/UNIX",
            "product_codes": [],
            "public": true,
            "ramdisk_id": "",
            "region": "us-east-1",
            "root_device_name": "/dev/xvda",
            "root_device_type": "ebs",
            "root_snapshot_id": "snap-021c2006747d6b7e6",
            "sriov_net_support": "simple",
            "state": "available",
            "state_reason": {
              "code": "UNSET",
              "message": "UNSET"
            },
            "tags": {},
            "timeouts": null,
            "tpm_support": "",
            "uefi_data": null,
            "usage_operation": "RunInstances",
            "virtualization_type": "hvm"
          },
          "sensitive_attributes": [],
          "identity_schema_version": 0
        }
      ]
    },
    {
      "mode": "managed",
      "type": "aws_key_pair",
      "name": "deployer",
      "provider": "provider[\"registry.terraform.io/hashicorp/aws\"]",
      "instances": [
        {
          "schema_version": 1,
          "attributes": {
            "arn": "arn:aws:ec2:us-east-1:294991709829:key-pair/strapi-deploy-key",
            "fingerprint": "2c:da:fe:7f:6f:9f:83:85:3a:7e:4c:07:75:7f:cb:50",
            "id": "strapi-deploy-key",
            "key_name": "strapi-deploy-key",
            "key_name_prefix": "",
            "key_pair_id": "key-04c5d0459a2bafafb",
            "key_type": "rsa",
            "public_key": "ssh-rsa AAAAB3NzaC1yc2EAAAADAQABAAACAQC6yRarEGkVgXxWlSKj7OVp+gVGJoe45rLxfNMckxbjntyjlEIoEvYCA0jOQCRXVngrghFM0ULXFeQGhHeRiVqb0Et7pEH7+nmA/EAzAM21IobOwYtC+CkDh7jSvLJZS8N+fBw8SQwyqr41gxszPdCuYEWiRWVvvN9bmD9Eilp3/SM3fJPYWD8ixWBQecoscvJc6I0cvQ27RAsd1St7nsl9KLO1waHxLV9yghHgJ+kXhGPvOlGtXrzyVUQSBpsyn1J0uk1TeFyPVHC4ygbWxg1c4rbv8U/c1BD7RZu6QDgRHZEQa2XQdKnWeTZXr4bR/PCuQAbq5AEgKQiUiI4F2osvj02d98nA+tS1ciu1l3SvsNl3n38GBLuIhB0V618GuEU7AOVUae/1V1/7GzWk4L+JOwLt7ju0rROAk+frLK5IIDLoSAtNiPYAMAxzgmsZWLSUWke3G18z2kEVoBh/Lreu3Rl7i7XGY9IDfJpFw+GTCr46PQaGbINfz7itlUW9qSJGHpzgibSYntl8/aL0dXukOrYufseLlpaTGcL1XB+Ufl24Cat6TX5hzxBv3MmaIwxH+kfIs/mPl3M+W5ZqIlvLslG0SnRiuEzJrNZBZnE/ITLPH2dm8Yq6OVzYGnNdoN1W5cBeW1RkKOcOrOes+whVm6aTwHALeiZB3rP9/v20pw== your_email@example.com",
            "region": "us-east-1",
            "tags": null,
            "tags_all": {}
          },
          "sensitive_attributes": [],
          "identity_schema_version": 0,
          "private": "eyJzY2hlbWFfdmVyc2lvbiI6IjEifQ=="
        }
      ]
    }
  ],
  "check_results": null
}
